hash: 32e2b7f84c9f68fefcd35d91968bb8b8d318545fc165b95c2bb595070e8c12c5
updated: 2018-08-19T21:09:49.9056707Z
imports:
- name: github.com/dgrijalva/jwt-go
  version: 0b96aaa707760d6ab28d9b9d1913ff5993328bae
- name: github.com/jinzhu/gorm
  version: 32455088f24d6b1e9a502fb8e40fdc16139dbea8
- name: github.com/jinzhu/inflection
  version: 04140366298a54a039076d798123ffa108fff46c
- name: github.com/labstack/echo
  version: 74f9806b34424e53aa1ad066d5219d7eab3a3b6c
  subpackages:
  - middleware
- name: github.com/labstack/gommon
  version: 2a618302b929cc20862dda3aa6f02f64dbe740dd
  subpackages:
  - bytes
  - color
  - log
  - random
- name: github.com/lib/pq
  version: 90697d60dd844d5ef6ff15135d0203f65d2f53b8
  subpackages:
  - oid
- name: github.com/mattn/go-colorable
  version: efa589957cd060542a26d2dd7832fd6a6c6c3ade
- name: github.com/mattn/go-isatty
  version: 6ca4dbf54d38eea1a992b3c722a76a5d1c4cb25c
- name: github.com/stretchr/testify
  version: f35b8ab0b5a2cef36673838d662e249dd9c94686
  subpackages:
  - assert
- name: github.com/valyala/bytebufferpool
  version: e746df99fe4a3986f4d4f79e13c1e0117ce9c2f7
- name: github.com/valyala/fasttemplate
  version: dcecefd839c4193db0d35b88ec65b4c12d360ab0
- name: golang.org/x/crypto
  version: aabede6cba87e37f413b3e60ebfc214f8eeca1b0
  subpackages:
  - acme
  - acme/autocert
- name: golang.org/x/sys
  version: 1c9583448a9c3aa0f9a6a5241bf73c0bd8aafded
  subpackages:
  - unix
testImports:
- name: github.com/davecgh/go-spew
  version: 8991bc29aa16c548c550c7ff78260e27b9ab7c73
  subpackages:
  - spew
- name: github.com/pmezard/go-difflib
  version: 792786c7400a136282c1664665ae0a8db921c6c2
  subpackages:
  - difflib
